{
    "name": "sequelizejs-decorators",
    "version": "6.1.4",
    "lockfileVersion": 2,
    "requires": true,
    "packages": {
        "": {
            "name": "sequelizejs-decorators",
            "version": "6.1.4",
            "license": "MIT",
            "devDependencies": {
                "typescript": "4.7.2"
            },
            "peerDependencies": {
                "sequelize": "6.21.1"
            }
        },
        "node_modules/@types/debug": {
            "version": "4.1.7",
            "resolved": "https://registry.npmjs.org/@types/debug/-/debug-4.1.7.tgz",
            "integrity": "sha512-9AonUzyTjXXhEOa0DnqpzZi6VHlqKMswga9EXjpXnnqxwLtdvPPtlO8evrI5D9S6asFRCQ6v+wpiUKbw+vKqyg==",
            "peer": true,
            "dependencies": {
                "@types/ms": "*"
            }
        },
        "node_modules/@types/ms": {
            "version": "0.7.31",
            "resolved": "https://registry.npmjs.org/@types/ms/-/ms-0.7.31.tgz",
            "integrity": "sha512-iiUgKzV9AuaEkZqkOLDIvlQiL6ltuZd9tGcW3gwpnX8JbuiuhFlEGmmFXEXkN50Cvq7Os88IY2v0dkDqXYWVgA==",
            "peer": true
        },
        "node_modules/@types/node": {
            "version": "12.12.53",
            "resolved": "https://registry.npmjs.org/@types/node/-/node-12.12.53.tgz",
            "integrity": "sha512-51MYTDTyCziHb70wtGNFRwB4l+5JNvdqzFSkbDvpbftEgVUBEE+T5f7pROhWMp/fxp07oNIEQZd5bbfAH22ohQ==",
            "peer": true
        },
        "node_modules/dottie": {
            "version": "2.0.2",
            "resolved": "https://registry.npmjs.org/dottie/-/dottie-2.0.2.tgz",
            "integrity": "sha512-fmrwR04lsniq/uSr8yikThDTrM7epXHBAAjH9TbeH3rEA8tdCO7mRzB9hdmdGyJCxF8KERo9CITcm3kGuoyMhg==",
            "peer": true
        },
        "node_modules/inflection": {
            "version": "1.13.2",
            "resolved": "https://registry.npmjs.org/inflection/-/inflection-1.13.2.tgz",
            "integrity": "sha512-cmZlljCRTBFouT8UzMzrGcVEvkv6D/wBdcdKG7J1QH5cXjtU75Dm+P27v9EKu/Y43UYyCJd1WC4zLebRrC8NBw==",
            "engines": [
                "node >= 0.4.0"
            ],
            "peer": true
        },
        "node_modules/lodash": {
            "version": "4.17.21",
            "resolved": "https://registry.npmjs.org/lodash/-/lodash-4.17.21.tgz",
            "integrity": "sha512-v2kDEe57lecTulaDIuNTPy3Ry4gLGJ6Z1O3vE1krgXZNrsQ+LFTGHVxVjcXPs17LhbZVGedAJv8XZ1tvj5FvSg==",
            "peer": true
        },
        "node_modules/lru-cache": {
            "version": "6.0.0",
            "resolved": "https://registry.npmjs.org/lru-cache/-/lru-cache-6.0.0.tgz",
            "integrity": "sha512-Jo6dJ04CmSjuznwJSS3pUeWmd/H0ffTlkXXgwZi+eq1UCmqQwCh+eLsYOYCwY991i2Fah4h1BEMCx4qThGbsiA==",
            "peer": true,
            "dependencies": {
                "yallist": "^4.0.0"
            },
            "engines": {
                "node": ">=10"
            }
        },
        "node_modules/moment": {
            "version": "2.29.3",
            "resolved": "https://registry.npmjs.org/moment/-/moment-2.29.3.tgz",
            "integrity": "sha512-c6YRvhEo//6T2Jz/vVtYzqBzwvPT95JBQ+smCytzf7c50oMZRsR/a4w88aD34I+/QVSfnoAnSBFPJHItlOMJVw==",
            "peer": true,
            "engines": {
                "node": "*"
            }
        },
        "node_modules/moment-timezone": {
            "version": "0.5.34",
            "resolved": "https://registry.npmjs.org/moment-timezone/-/moment-timezone-0.5.34.tgz",
            "integrity": "sha512-3zAEHh2hKUs3EXLESx/wsgw6IQdusOT8Bxm3D9UrHPQR7zlMmzwybC8zHEM1tQ4LJwP7fcxrWr8tuBg05fFCbg==",
            "peer": true,
            "dependencies": {
                "moment": ">= 2.9.0"
            },
            "engines": {
                "node": "*"
            }
        },
        "node_modules/pg-connection-string": {
            "version": "2.5.0",
            "resolved": "https://registry.npmjs.org/pg-connection-string/-/pg-connection-string-2.5.0.tgz",
            "integrity": "sha512-r5o/V/ORTA6TmUnyWZR9nCj1klXCO2CEKNRlVuJptZe85QuhFayC7WeMic7ndayT5IRIR0S0xFxFi2ousartlQ==",
            "peer": true
        },
        "node_modules/retry-as-promised": {
            "version": "5.0.0",
            "resolved": "https://registry.npmjs.org/retry-as-promised/-/retry-as-promised-5.0.0.tgz",
            "integrity": "sha512-6S+5LvtTl2ggBumk04hBo/4Uf6fRJUwIgunGZ7CYEBCeufGFW1Pu6ucUf/UskHeWOIsUcLOGLFXPig5tR5V1nA==",
            "peer": true
        },
        "node_modules/sequelize": {
            "version": "6.21.1",
            "resolved": "https://registry.npmjs.org/sequelize/-/sequelize-6.21.1.tgz",
            "integrity": "sha512-vbRreGOdBFLoGUrSINaNVLnaGZGSjhLq2b80tBezuqxbumMG3V2QkCnsvgggQ+LoRVYxERwWin1BL7YO4b5PSQ==",
            "funding": [
                {
                    "type": "opencollective",
                    "url": "https://opencollective.com/sequelize"
                }
            ],
            "peer": true,
            "dependencies": {
                "@types/debug": "^4.1.7",
                "@types/validator": "^13.7.1",
                "debug": "^4.3.3",
                "dottie": "^2.0.2",
                "inflection": "^1.13.2",
                "lodash": "^4.17.21",
                "moment": "^2.29.1",
                "moment-timezone": "^0.5.34",
                "pg-connection-string": "^2.5.0",
                "retry-as-promised": "^5.0.0",
                "semver": "^7.3.5",
                "sequelize-pool": "^7.1.0",
                "toposort-class": "^1.0.1",
                "uuid": "^8.3.2",
                "validator": "^13.7.0",
                "wkx": "^0.5.0"
            },
            "engines": {
                "node": ">=10.0.0"
            },
            "peerDependenciesMeta": {
                "ibm_db": {
                    "optional": true
                },
                "mariadb": {
                    "optional": true
                },
                "mysql2": {
                    "optional": true
                },
                "pg": {
                    "optional": true
                },
                "pg-hstore": {
                    "optional": true
                },
                "snowflake-sdk": {
                    "optional": true
                },
                "sqlite3": {
                    "optional": true
                },
                "tedious": {
                    "optional": true
                }
            }
        },
        "node_modules/sequelize-pool": {
            "version": "7.1.0",
            "resolved": "https://registry.npmjs.org/sequelize-pool/-/sequelize-pool-7.1.0.tgz",
            "integrity": "sha512-G9c0qlIWQSK29pR/5U2JF5dDQeqqHRragoyahj/Nx4KOOQ3CPPfzxnfqFPCSB7x5UgjOgnZ61nSxz+fjDpRlJg==",
            "peer": true,
            "engines": {
                "node": ">= 10.0.0"
            }
        },
        "node_modules/sequelize/node_modules/@types/validator": {
            "version": "13.7.2",
            "resolved": "https://registry.npmjs.org/@types/validator/-/validator-13.7.2.tgz",
            "integrity": "sha512-KFcchQ3h0OPQgFirBRPZr5F/sVjxZsOrQHedj3zi8AH3Zv/hOLx2OLR4hxR5HcfoU+33n69ZuOfzthKVdMoTiw==",
            "peer": true
        },
        "node_modules/sequelize/node_modules/debug": {
            "version": "4.3.4",
            "resolved": "https://registry.npmjs.org/debug/-/debug-4.3.4.tgz",
            "integrity": "sha512-PRWFHuSU3eDtQJPvnNY7Jcket1j0t5OuOsFzPPzsekD52Zl8qUfFIPEiswXqIvHWGVHOgX+7G/vCNNhehwxfkQ==",
            "peer": true,
            "dependencies": {
                "ms": "2.1.2"
            },
            "engines": {
                "node": ">=6.0"
            },
            "peerDependenciesMeta": {
                "supports-color": {
                    "optional": true
                }
            }
        },
        "node_modules/sequelize/node_modules/ms": {
            "version": "2.1.2",
            "resolved": "https://registry.npmjs.org/ms/-/ms-2.1.2.tgz",
            "integrity": "sha512-sGkPx+VjMtmA6MX27oA4FBFELFCZZ4S4XqeGOXCv68tT+jb3vk/RyaKWP0PTKyWtmLSM0b+adUTEvbs1PEaH2w==",
            "peer": true
        },
        "node_modules/sequelize/node_modules/semver": {
            "version": "7.3.7",
            "resolved": "https://registry.npmjs.org/semver/-/semver-7.3.7.tgz",
            "integrity": "sha512-QlYTucUYOews+WeEujDoEGziz4K6c47V/Bd+LjSSYcA94p+DmINdf7ncaUinThfvZyu13lN9OY1XDxt8C0Tw0g==",
            "peer": true,
            "dependencies": {
                "lru-cache": "^6.0.0"
            },
            "bin": {
                "semver": "bin/semver.js"
            },
            "engines": {
                "node": ">=10"
            }
        },
        "node_modules/toposort-class": {
            "version": "1.0.1",
            "resolved": "https://registry.npmjs.org/toposort-class/-/toposort-class-1.0.1.tgz",
            "integrity": "sha1-f/0feMi+KMO6Rc1OGj9e4ZO9mYg=",
            "peer": true
        },
        "node_modules/typescript": {
            "version": "4.7.2",
            "resolved": "https://registry.npmjs.org/typescript/-/typescript-4.7.2.tgz",
            "integrity": "sha512-Mamb1iX2FDUpcTRzltPxgWMKy3fhg0TN378ylbktPGPK/99KbDtMQ4W1hwgsbPAsG3a0xKa1vmw4VKZQbkvz5A==",
            "dev": true,
            "bin": {
                "tsc": "bin/tsc",
                "tsserver": "bin/tsserver"
            },
            "engines": {
                "node": ">=4.2.0"
            }
        },
        "node_modules/uuid": {
            "version": "8.3.2",
            "resolved": "https://registry.npmjs.org/uuid/-/uuid-8.3.2.tgz",
            "integrity": "sha512-+NYs2QeMWy+GWFOEm9xnn6HCDp0l7QBD7ml8zLUmJ+93Q5NF0NocErnwkTkXVFNiX3/fpC6afS8Dhb/gz7R7eg==",
            "peer": true,
            "bin": {
                "uuid": "dist/bin/uuid"
            }
        },
        "node_modules/validator": {
            "version": "13.7.0",
            "resolved": "https://registry.npmjs.org/validator/-/validator-13.7.0.tgz",
            "integrity": "sha512-nYXQLCBkpJ8X6ltALua9dRrZDHVYxjJ1wgskNt1lH9fzGjs3tgojGSCBjmEPwkWS1y29+DrizMTW19Pr9uB2nw==",
            "peer": true,
            "engines": {
                "node": ">= 0.10"
            }
        },
        "node_modules/wkx": {
            "version": "0.5.0",
            "resolved": "https://registry.npmjs.org/wkx/-/wkx-0.5.0.tgz",
            "integrity": "sha512-Xng/d4Ichh8uN4l0FToV/258EjMGU9MGcA0HV2d9B/ZpZB3lqQm7nkOdZdm5GhKtLLhAE7PiVQwN4eN+2YJJUg==",
            "peer": true,
            "dependencies": {
                "@types/node": "*"
            }
        },
        "node_modules/yallist": {
            "version": "4.0.0",
            "resolved": "https://registry.npmjs.org/yallist/-/yallist-4.0.0.tgz",
            "integrity": "sha512-3wdGidZyq5PB084XLES5TpOSRA3wjXAlIWMhum2kRcv/41Sn2emQ0dycQW4uZXLejwKvg6EsvbdlVL+FYEct7A==",
            "peer": true
        }
    },
    "dependencies": {
        "@types/debug": {
            "version": "4.1.7",
            "resolved": "https://registry.npmjs.org/@types/debug/-/debug-4.1.7.tgz",
            "integrity": "sha512-9AonUzyTjXXhEOa0DnqpzZi6VHlqKMswga9EXjpXnnqxwLtdvPPtlO8evrI5D9S6asFRCQ6v+wpiUKbw+vKqyg==",
            "peer": true,
            "requires": {
                "@types/ms": "*"
            }
        },
        "@types/ms": {
            "version": "0.7.31",
            "resolved": "https://registry.npmjs.org/@types/ms/-/ms-0.7.31.tgz",
            "integrity": "sha512-iiUgKzV9AuaEkZqkOLDIvlQiL6ltuZd9tGcW3gwpnX8JbuiuhFlEGmmFXEXkN50Cvq7Os88IY2v0dkDqXYWVgA==",
            "peer": true
        },
        "@types/node": {
            "version": "12.12.53",
            "resolved": "https://registry.npmjs.org/@types/node/-/node-12.12.53.tgz",
            "integrity": "sha512-51MYTDTyCziHb70wtGNFRwB4l+5JNvdqzFSkbDvpbftEgVUBEE+T5f7pROhWMp/fxp07oNIEQZd5bbfAH22ohQ==",
            "peer": true
        },
        "dottie": {
            "version": "2.0.2",
            "resolved": "https://registry.npmjs.org/dottie/-/dottie-2.0.2.tgz",
            "integrity": "sha512-fmrwR04lsniq/uSr8yikThDTrM7epXHBAAjH9TbeH3rEA8tdCO7mRzB9hdmdGyJCxF8KERo9CITcm3kGuoyMhg==",
            "peer": true
        },
        "inflection": {
            "version": "1.13.2",
            "resolved": "https://registry.npmjs.org/inflection/-/inflection-1.13.2.tgz",
            "integrity": "sha512-cmZlljCRTBFouT8UzMzrGcVEvkv6D/wBdcdKG7J1QH5cXjtU75Dm+P27v9EKu/Y43UYyCJd1WC4zLebRrC8NBw==",
            "peer": true
        },
        "lodash": {
            "version": "4.17.21",
            "resolved": "https://registry.npmjs.org/lodash/-/lodash-4.17.21.tgz",
            "integrity": "sha512-v2kDEe57lecTulaDIuNTPy3Ry4gLGJ6Z1O3vE1krgXZNrsQ+LFTGHVxVjcXPs17LhbZVGedAJv8XZ1tvj5FvSg==",
            "peer": true
        },
        "lru-cache": {
            "version": "6.0.0",
            "resolved": "https://registry.npmjs.org/lru-cache/-/lru-cache-6.0.0.tgz",
            "integrity": "sha512-Jo6dJ04CmSjuznwJSS3pUeWmd/H0ffTlkXXgwZi+eq1UCmqQwCh+eLsYOYCwY991i2Fah4h1BEMCx4qThGbsiA==",
            "peer": true,
            "requires": {
                "yallist": "^4.0.0"
            }
        },
        "moment": {
            "version": "2.29.3",
            "resolved": "https://registry.npmjs.org/moment/-/moment-2.29.3.tgz",
            "integrity": "sha512-c6YRvhEo//6T2Jz/vVtYzqBzwvPT95JBQ+smCytzf7c50oMZRsR/a4w88aD34I+/QVSfnoAnSBFPJHItlOMJVw==",
            "peer": true
        },
        "moment-timezone": {
            "version": "0.5.34",
            "resolved": "https://registry.npmjs.org/moment-timezone/-/moment-timezone-0.5.34.tgz",
            "integrity": "sha512-3zAEHh2hKUs3EXLESx/wsgw6IQdusOT8Bxm3D9UrHPQR7zlMmzwybC8zHEM1tQ4LJwP7fcxrWr8tuBg05fFCbg==",
            "peer": true,
            "requires": {
                "moment": ">= 2.9.0"
            }
        },
        "pg-connection-string": {
            "version": "2.5.0",
            "resolved": "https://registry.npmjs.org/pg-connection-string/-/pg-connection-string-2.5.0.tgz",
            "integrity": "sha512-r5o/V/ORTA6TmUnyWZR9nCj1klXCO2CEKNRlVuJptZe85QuhFayC7WeMic7ndayT5IRIR0S0xFxFi2ousartlQ==",
            "peer": true
        },
        "retry-as-promised": {
            "version": "5.0.0",
            "resolved": "https://registry.npmjs.org/retry-as-promised/-/retry-as-promised-5.0.0.tgz",
            "integrity": "sha512-6S+5LvtTl2ggBumk04hBo/4Uf6fRJUwIgunGZ7CYEBCeufGFW1Pu6ucUf/UskHeWOIsUcLOGLFXPig5tR5V1nA==",
            "peer": true
        },
        "sequelize": {
            "version": "6.21.1",
            "resolved": "https://registry.npmjs.org/sequelize/-/sequelize-6.21.1.tgz",
            "integrity": "sha512-vbRreGOdBFLoGUrSINaNVLnaGZGSjhLq2b80tBezuqxbumMG3V2QkCnsvgggQ+LoRVYxERwWin1BL7YO4b5PSQ==",
            "peer": true,
            "requires": {
                "@types/debug": "^4.1.7",
                "@types/validator": "^13.7.1",
                "debug": "^4.3.3",
                "dottie": "^2.0.2",
                "inflection": "^1.13.2",
                "lodash": "^4.17.21",
                "moment": "^2.29.1",
                "moment-timezone": "^0.5.34",
                "pg-connection-string": "^2.5.0",
                "retry-as-promised": "^5.0.0",
                "semver": "^7.3.5",
                "sequelize-pool": "^7.1.0",
                "toposort-class": "^1.0.1",
                "uuid": "^8.3.2",
                "validator": "^13.7.0",
                "wkx": "^0.5.0"
            },
            "dependencies": {
                "@types/validator": {
                    "version": "13.7.2",
                    "resolved": "https://registry.npmjs.org/@types/validator/-/validator-13.7.2.tgz",
                    "integrity": "sha512-KFcchQ3h0OPQgFirBRPZr5F/sVjxZsOrQHedj3zi8AH3Zv/hOLx2OLR4hxR5HcfoU+33n69ZuOfzthKVdMoTiw==",
                    "peer": true
                },
                "debug": {
                    "version": "4.3.4",
                    "resolved": "https://registry.npmjs.org/debug/-/debug-4.3.4.tgz",
                    "integrity": "sha512-PRWFHuSU3eDtQJPvnNY7Jcket1j0t5OuOsFzPPzsekD52Zl8qUfFIPEiswXqIvHWGVHOgX+7G/vCNNhehwxfkQ==",
                    "peer": true,
                    "requires": {
                        "ms": "2.1.2"
                    }
                },
                "ms": {
                    "version": "2.1.2",
                    "resolved": "https://registry.npmjs.org/ms/-/ms-2.1.2.tgz",
                    "integrity": "sha512-sGkPx+VjMtmA6MX27oA4FBFELFCZZ4S4XqeGOXCv68tT+jb3vk/RyaKWP0PTKyWtmLSM0b+adUTEvbs1PEaH2w==",
                    "peer": true
                },
                "semver": {
                    "version": "7.3.7",
                    "resolved": "https://registry.npmjs.org/semver/-/semver-7.3.7.tgz",
                    "integrity": "sha512-QlYTucUYOews+WeEujDoEGziz4K6c47V/Bd+LjSSYcA94p+DmINdf7ncaUinThfvZyu13lN9OY1XDxt8C0Tw0g==",
                    "peer": true,
                    "requires": {
                        "lru-cache": "^6.0.0"
                    }
                }
            }
        },
        "sequelize-pool": {
            "version": "7.1.0",
            "resolved": "https://registry.npmjs.org/sequelize-pool/-/sequelize-pool-7.1.0.tgz",
            "integrity": "sha512-G9c0qlIWQSK29pR/5U2JF5dDQeqqHRragoyahj/Nx4KOOQ3CPPfzxnfqFPCSB7x5UgjOgnZ61nSxz+fjDpRlJg==",
            "peer": true
        },
        "toposort-class": {
            "version": "1.0.1",
            "resolved": "https://registry.npmjs.org/toposort-class/-/toposort-class-1.0.1.tgz",
            "integrity": "sha1-f/0feMi+KMO6Rc1OGj9e4ZO9mYg=",
            "peer": true
        },
        "typescript": {
            "version": "4.7.2",
            "resolved": "https://registry.npmjs.org/typescript/-/typescript-4.7.2.tgz",
            "integrity": "sha512-Mamb1iX2FDUpcTRzltPxgWMKy3fhg0TN378ylbktPGPK/99KbDtMQ4W1hwgsbPAsG3a0xKa1vmw4VKZQbkvz5A==",
            "dev": true
        },
        "uuid": {
            "version": "8.3.2",
            "resolved": "https://registry.npmjs.org/uuid/-/uuid-8.3.2.tgz",
            "integrity": "sha512-+NYs2QeMWy+GWFOEm9xnn6HCDp0l7QBD7ml8zLUmJ+93Q5NF0NocErnwkTkXVFNiX3/fpC6afS8Dhb/gz7R7eg==",
            "peer": true
        },
        "validator": {
            "version": "13.7.0",
            "resolved": "https://registry.npmjs.org/validator/-/validator-13.7.0.tgz",
            "integrity": "sha512-nYXQLCBkpJ8X6ltALua9dRrZDHVYxjJ1wgskNt1lH9fzGjs3tgojGSCBjmEPwkWS1y29+DrizMTW19Pr9uB2nw==",
            "peer": true
        },
        "wkx": {
            "version": "0.5.0",
            "resolved": "https://registry.npmjs.org/wkx/-/wkx-0.5.0.tgz",
            "integrity": "sha512-Xng/d4Ichh8uN4l0FToV/258EjMGU9MGcA0HV2d9B/ZpZB3lqQm7nkOdZdm5GhKtLLhAE7PiVQwN4eN+2YJJUg==",
            "peer": true,
            "requires": {
                "@types/node": "*"
            }
        },
        "yallist": {
            "version": "4.0.0",
            "resolved": "https://registry.npmjs.org/yallist/-/yallist-4.0.0.tgz",
            "integrity": "sha512-3wdGidZyq5PB084XLES5TpOSRA3wjXAlIWMhum2kRcv/41Sn2emQ0dycQW4uZXLejwKvg6EsvbdlVL+FYEct7A==",
            "peer": true
        }
    }
}
